
Microsoft Visual Studio Solution File, Format Version 12.00
# Visual Studio Version 17
VisualStudioVersion = 17.3.32929.385
MinimumVisualStudioVersion = 10.0.40219.1
Project("{FAE04EC0-301F-11D3-BF4B-00C04F79EFBC}") = "BearingsAndDistancesParser", "BearingsAndDistancesParser.csproj", "{3EB6CEDF-E75B-4C8A-82F8-65B590147BAE}"
EndProject
Global
	GlobalSection(SolutionConfigurationPlatforms) = preSolution
		Debug|Any CPU = Debug|Any CPU
		Release|Any CPU = Release|Any CPU
	EndGlobalSection
	GlobalSection(ProjectConfigurationPlatforms) = postSolution
		{3EB6CEDF-E75B-4C8A-82F8-65B590147BAE}.Debug|Any CPU.ActiveCfg = Debug|Any CPU
		{3EB6CEDF-E75B-4C8A-82F8-65B590147BAE}.Debug|Any CPU.Build.0 = Debug|Any CPU
		{3EB6CEDF-E75B-4C8A-82F8-65B590147BAE}.Release|Any CPU.ActiveCfg = Release|Any CPU
		{3EB6CEDF-E75B-4C8A-82F8-65B590147BAE}.Release|Any CPU.Build.0 = Release|Any CPU
	EndGlobalSection
	GlobalSection(SolutionProperties) = preSolution
		HideSolutionNode = FALSE
	EndGlobalSection
	GlobalSection(ExtensibilityGlobals) = postSolution
		SolutionGuid = {145C3303-824D-428A-B2E3-735739AEEC02}
	EndGlobalSection
EndGlobal
